
Microsoft Visual Studio Solution File, Format Version 12.00
# Visual Studio Version 16
VisualStudioVersion = 16.0.30011.22
MinimumVisualStudioVersion = 10.0.40219.1
Project("{9A19103F-16F7-4668-BE54-9A1E7A4F7556}") = "MySociety.Api", "MySociety.Api\MySociety.Api.csproj", "{7F7ADC55-97F4-45A6-9FDD-2E9B8DA7B4ED}"
EndProject
Project("{FAE04EC0-301F-11D3-BF4B-00C04F79EFBC}") = "MySociety.Entities", "MySociety.Entities\MySociety.Entities.csproj", "{892642AE-00C0-4AE2-92E7-2F56C107043F}"
EndProject
Project("{FAE04EC0-301F-11D3-BF4B-00C04F79EFBC}") = "MySociety.Bussines", "MySociety.Bussines\MySociety.Bussines.csproj", "{96980078-AD90-4EB7-8C75-C30C33B2B263}"
EndProject
Project("{FAE04EC0-301F-11D3-BF4B-00C04F79EFBC}") = "MySociety.Utilities", "MySociety.Utilities\MySociety.Utilities.csproj", "{0C013446-DA3B-4481-A111-0A73FB5429B8}"
EndProject
Project("{FAE04EC0-301F-11D3-BF4B-00C04F79EFBC}") = "MySociety.Repository", "MySociety.Repository\MySociety.Repository.csproj", "{50DC6208-708D-4927-9AD3-3E79CDFDD8EF}"
EndProject
Global
	GlobalSection(SolutionConfigurationPlatforms) = preSolution
		Debug|Any CPU = Debug|Any CPU
		Release|Any CPU = Release|Any CPU
	EndGlobalSection
	GlobalSection(ProjectConfigurationPlatforms) = postSolution
		{7F7ADC55-97F4-45A6-9FDD-2E9B8DA7B4ED}.Debug|Any CPU.ActiveCfg = Debug|Any CPU
		{7F7ADC55-97F4-45A6-9FDD-2E9B8DA7B4ED}.Debug|Any CPU.Build.0 = Debug|Any CPU
		{7F7ADC55-97F4-45A6-9FDD-2E9B8DA7B4ED}.Release|Any CPU.ActiveCfg = Release|Any CPU
		{7F7ADC55-97F4-45A6-9FDD-2E9B8DA7B4ED}.Release|Any CPU.Build.0 = Release|Any CPU
		{892642AE-00C0-4AE2-92E7-2F56C107043F}.Debug|Any CPU.ActiveCfg = Debug|Any CPU
		{892642AE-00C0-4AE2-92E7-2F56C107043F}.Debug|Any CPU.Build.0 = Debug|Any CPU
		{892642AE-00C0-4AE2-92E7-2F56C107043F}.Release|Any CPU.ActiveCfg = Release|Any CPU
		{892642AE-00C0-4AE2-92E7-2F56C107043F}.Release|Any CPU.Build.0 = Release|Any CPU
		{96980078-AD90-4EB7-8C75-C30C33B2B263}.Debug|Any CPU.ActiveCfg = Debug|Any CPU
		{96980078-AD90-4EB7-8C75-C30C33B2B263}.Debug|Any CPU.Build.0 = Debug|Any CPU
		{96980078-AD90-4EB7-8C75-C30C33B2B263}.Release|Any CPU.ActiveCfg = Release|Any CPU
		{96980078-AD90-4EB7-8C75-C30C33B2B263}.Release|Any CPU.Build.0 = Release|Any CPU
		{0C013446-DA3B-4481-A111-0A73FB5429B8}.Debug|Any CPU.ActiveCfg = Debug|Any CPU
		{0C013446-DA3B-4481-A111-0A73FB5429B8}.Debug|Any CPU.Build.0 = Debug|Any CPU
		{0C013446-DA3B-4481-A111-0A73FB5429B8}.Release|Any CPU.ActiveCfg = Release|Any CPU
		{0C013446-DA3B-4481-A111-0A73FB5429B8}.Release|Any CPU.Build.0 = Release|Any CPU
		{50DC6208-708D-4927-9AD3-3E79CDFDD8EF}.Debug|Any CPU.ActiveCfg = Debug|Any CPU
		{50DC6208-708D-4927-9AD3-3E79CDFDD8EF}.Debug|Any CPU.Build.0 = Debug|Any CPU
		{50DC6208-708D-4927-9AD3-3E79CDFDD8EF}.Release|Any CPU.ActiveCfg = Release|Any CPU
		{50DC6208-708D-4927-9AD3-3E79CDFDD8EF}.Release|Any CPU.Build.0 = Release|Any CPU
	EndGlobalSection
	GlobalSection(SolutionProperties) = preSolution
		HideSolutionNode = FALSE
	EndGlobalSection
	GlobalSection(ExtensibilityGlobals) = postSolution
		SolutionGuid = {55C693F6-28E3-4F68-964B-C43229A1F4A8}
	EndGlobalSection
EndGlobal
